
Microsoft Visual Studio Solution File, Format Version 12.00
# Visual Studio 15
VisualStudioVersion = 15.0.27130.2027
MinimumVisualStudioVersion = 10.0.40219.1
Project("{888888A0-9F3D-457C-B088-3A5042F75D52}") = "Kure2", "Kure2\Kure2.pyproj", "{70C708E9-6D6F-4CA5-BBD7-88C6F283C6EB}"
EndProject
Global
	GlobalSection(SolutionConfigurationPlatforms) = preSolution
		Debug|Any CPU = Debug|Any CPU
		Release|Any CPU = Release|Any CPU
	EndGlobalSection
	GlobalSection(ProjectConfigurationPlatforms) = postSolution
		{70C708E9-6D6F-4CA5-BBD7-88C6F283C6EB}.Debug|Any CPU.ActiveCfg = Debug|Any CPU
		{70C708E9-6D6F-4CA5-BBD7-88C6F283C6EB}.Release|Any CPU.ActiveCfg = Release|Any CPU
	EndGlobalSection
	GlobalSection(SolutionProperties) = preSolution
		HideSolutionNode = FALSE
	EndGlobalSection
	GlobalSection(ExtensibilityGlobals) = postSolution
		SolutionGuid = {68259570-34DD-4DE4-AAD0-A8EC0FBDE461}
	EndGlobalSection
EndGlobal
